PODS:
  - iCarousel (1.8.3)
  - MXParallaxHeader (0.6.1)
  - Realm (3.7.1):
    - Realm/Headers (= 3.7.1)
  - Realm/Headers (3.7.1)
  - SDWebImage (4.3.3):
    - SDWebImage/Core (= 4.3.3)
  - SDWebImage/Core (4.3.3)
  - SwipeView (1.3.2)

DEPENDENCIES:
  - iCarousel
  - MXParallaxHeader
  - Realm (~> 3.7.1)
  - SDWebImage
  - SwipeView

SPEC REPOS:
  https://github.com/cocoapods/specs.git:
    - iCarousel
    - MXParallaxHeader
    - Realm
    - SDWebImage
    - SwipeView

SPEC CHECKSUMS:
  iCarousel: d782f635afac190c49bb8ee455882284cff8b85f
  MXParallaxHeader: 858c403532ed933b381556a81ce333d7065ad182
  Realm: 906be37d52f17f25484ac01643a7f26a9d3bfbd5
  SDWebImage: de4d90b5bff3571eae7bd16202b1f43135409fa5
  SwipeView: bd67cfaf7760c036438446b3ccb28a3b84fce009

PODFILE CHECKSUM: 69d4714aaeae9993a3bc1c9a2cfd7d0cb2b54929

COCOAPODS: 1.5.3
