// !$*UTF8*$!
{
	archiveVersion = 1;
	classes = {
	};
	objectVersion = 46;
	objects = {

/* Begin PBXBuildFile section */
		202942BD1E086A7500E0AC3E /* Constants.m in Sources */ = {isa = PBXBuildFile; fileRef = 202942BC1E086A7500E0AC3E /* Constants.m */; };
		206F80DF1DD3DD01007E4727 /* MovieTableViewCell.m in Sources */ = {isa = PBXBuildFile; fileRef = 206F80DE1DD3DD01007E4727 /* MovieTableViewCell.m */; };
		20ED58AC1DCAA778000D811A /* main.m in Sources */ = {isa = PBXBuildFile; fileRef = 20ED58AB1DCAA778000D811A /* main.m */; };
		20ED58AF1DCAA778000D811A /* AppDelegate.m in Sources */ = {isa = PBXBuildFile; fileRef = 20ED58AE1DCAA778000D811A /* AppDelegate.m */; };
		20ED58B21DCAA778000D811A /* MasterViewController.m in Sources */ = {isa = PBXBuildFile; fileRef = 20ED58B11DCAA778000D811A /* MasterViewController.m */; };
		20ED58B51DCAA778000D811A /* DetailViewController.m in Sources */ = {isa = PBXBuildFile; fileRef = 20ED58B41DCAA778000D811A /* DetailViewController.m */; };
		20ED58B81DCAA778000D811A /* Main.storyboard in Resources */ = {isa = PBXBuildFile; fileRef = 20ED58B61DCAA778000D811A /* Main.storyboard */; };
		20ED58BA1DCAA778000D811A /* Assets.xcassets in Resources */ = {isa = PBXBuildFile; fileRef = 20ED58B91DCAA778000D811A /* Assets.xcassets */; };
		20ED58BD1DCAA778000D811A /* LaunchScreen.storyboard in Resources */ = {isa = PBXBuildFile; fileRef = 20ED58BB1DCAA778000D811A /* LaunchScreen.storyboard */; };
		20ED58C61DCAA8ED000D811A /* MovieSearch.m in Sources */ = {isa = PBXBuildFile; fileRef = 20ED58C51DCAA8ED000D811A /* MovieSearch.m */; };
		20ED58C91DCAAB1A000D811A /* Movie.m in Sources */ = {isa = PBXBuildFile; fileRef = 20ED58C81DCAAB1A000D811A /* Movie.m */; };
/* End PBXBuildFile section */

/* Begin PBXFileReference section */
		202942BB1E0869B500E0AC3E /* Constants.h */ = {isa = PBXFileReference; lastKnownFileType = sourcecode.c.h; path = Constants.h; sourceTree = "<group>"; };
		202942BC1E086A7500E0AC3E /* Constants.m */ = {isa = PBXFileReference; fileEncoding = 4; lastKnownFileType = sourcecode.c.objc; path = Constants.m; sourceTree = "<group>"; };
		206F80DD1DD3DD01007E4727 /* MovieTableViewCell.h */ = {isa = PBXFileReference; fileEncoding = 4; lastKnownFileType = sourcecode.c.h; path = MovieTableViewCell.h; sourceTree = "<group>"; };
		206F80DE1DD3DD01007E4727 /* MovieTableViewCell.m */ = {isa = PBXFileReference; fileEncoding = 4; lastKnownFileType = sourcecode.c.objc; path = MovieTableViewCell.m; sourceTree = "<group>"; };
		20ED58A71DCAA778000D811A /* MovieSearch.app */ = {isa = PBXFileReference; explicitFileType = wrapper.application; includeInIndex = 0; path = MovieSearch.app; sourceTree = BUILT_PRODUCTS_DIR; };
		20ED58AB1DCAA778000D811A /* main.m */ = {isa = PBXFileReference; lastKnownFileType = sourcecode.c.objc; path = main.m; sourceTree = "<group>"; };
		20ED58AD1DCAA778000D811A /* AppDelegate.h */ = {isa = PBXFileReference; lastKnownFileType = sourcecode.c.h; path = AppDelegate.h; sourceTree = "<group>"; };
		20ED58AE1DCAA778000D811A /* AppDelegate.m */ = {isa = PBXFileReference; lastKnownFileType = sourcecode.c.objc; path = AppDelegate.m; sourceTree = "<group>"; };
		20ED58B01DCAA778000D811A /* MasterViewController.h */ = {isa = PBXFileReference; lastKnownFileType = sourcecode.c.h; path = MasterViewController.h; sourceTree = "<group>"; };
		20ED58B11DCAA778000D811A /* MasterViewController.m */ = {isa = PBXFileReference; lastKnownFileType = sourcecode.c.objc; path = MasterViewController.m; sourceTree = "<group>"; };
		20ED58B31DCAA778000D811A /* DetailViewController.h */ = {isa = PBXFileReference; lastKnownFileType = sourcecode.c.h; path = DetailViewController.h; sourceTree = "<group>"; };
		20ED58B41DCAA778000D811A /* DetailViewController.m */ = {isa = PBXFileReference; lastKnownFileType = sourcecode.c.objc; path = DetailViewController.m; sourceTree = "<group>"; };
		20ED58B71DCAA778000D811A /* Base */ = {isa = PBXFileReference; lastKnownFileType = file.storyboard; name = Base; path = Base.lproj/Main.storyboard; sourceTree = "<group>"; };
		20ED58B91DCAA778000D811A /* Assets.xcassets */ = {isa = PBXFileReference; lastKnownFileType = folder.assetcatalog; path = Assets.xcassets; sourceTree = "<group>"; };
		20ED58BC1DCAA778000D811A /* Base */ = {isa = PBXFileReference; lastKnownFileType = file.storyboard; name = Base; path = Base.lproj/LaunchScreen.storyboard; sourceTree = "<group>"; };
		20ED58BE1DCAA778000D811A /* Info.plist */ = {isa = PBXFileReference; lastKnownFileType = text.plist.xml; path = Info.plist; sourceTree = "<group>"; };
		20ED58C41DCAA8ED000D811A /* MovieSearch.h */ = {isa = PBXFileReference; fileEncoding = 4; lastKnownFileType = sourcecode.c.h; path = MovieSearch.h; sourceTree = "<group>"; };
		20ED58C51DCAA8ED000D811A /* MovieSearch.m */ = {isa = PBXFileReference; fileEncoding = 4; lastKnownFileType = sourcecode.c.objc; path = MovieSearch.m; sourceTree = "<group>"; };
		20ED58C71DCAAB1A000D811A /* Movie.h */ = {isa = PBXFileReference; fileEncoding = 4; lastKnownFileType = sourcecode.c.h; path = Movie.h; sourceTree = "<group>"; };
		20ED58C81DCAAB1A000D811A /* Movie.m */ = {isa = PBXFileReference; fileEncoding = 4; lastKnownFileType = sourcecode.c.objc; path = Movie.m; sourceTree = "<group>"; };
/* End PBXFileReference section */

/* Begin PBXFrameworksBuildPhase section */
		20ED58A41DCAA778000D811A /* Frameworks */ = {
			isa = PBXFrameworksBuildPhase;
			buildActionMask = 2147483647;
			files = (
			);
			runOnlyForDeploymentPostprocessing = 0;
		};
/* End PBXFrameworksBuildPhase section */

/* Begin PBXGroup section */
		20ED589E1DCAA778000D811A = {
			isa = PBXGroup;
			children = (
				20ED58A91DCAA778000D811A /* MovieSearch */,
				20ED58A81DCAA778000D811A /* Products */,
			);
			sourceTree = "<group>";
		};
		20ED58A81DCAA778000D811A /* Products */ = {
			isa = PBXGroup;
			children = (
				20ED58A71DCAA778000D811A /* MovieSearch.app */,
			);
			name = Products;
			sourceTree = "<group>";
		};
		20ED58A91DCAA778000D811A /* MovieSearch */ = {
			isa = PBXGroup;
			children = (
				20ED58B01DCAA778000D811A /* MasterViewController.h */,
				20ED58B11DCAA778000D811A /* MasterViewController.m */,
				20ED58B31DCAA778000D811A /* DetailViewController.h */,
				20ED58B41DCAA778000D811A /* DetailViewController.m */,
				206F80DD1DD3DD01007E4727 /* MovieTableViewCell.h */,
				206F80DE1DD3DD01007E4727 /* MovieTableViewCell.m */,
				20ED58B61DCAA778000D811A /* Main.storyboard */,
				20ED58CA1DCAACB9000D811A /* Model */,
				20ED58AA1DCAA778000D811A /* Supporting Files */,
			);
			path = MovieSearch;
			sourceTree = "<group>";
		};
		20ED58AA1DCAA778000D811A /* Supporting Files */ = {
			isa = PBXGroup;
			children = (
				20ED58AD1DCAA778000D811A /* AppDelegate.h */,
				20ED58AE1DCAA778000D811A /* AppDelegate.m */,
				20ED58B91DCAA778000D811A /* Assets.xcassets */,
				202942BB1E0869B500E0AC3E /* Constants.h */,
				202942BC1E086A7500E0AC3E /* Constants.m */,
				20ED58BB1DCAA778000D811A /* LaunchScreen.storyboard */,
				20ED58BE1DCAA778000D811A /* Info.plist */,
				20ED58AB1DCAA778000D811A /* main.m */,
			);
			name = "Supporting Files";
			sourceTree = "<group>";
		};
		20ED58CA1DCAACB9000D811A /* Model */ = {
			isa = PBXGroup;
			children = (
				20ED58C71DCAAB1A000D811A /* Movie.h */,
				20ED58C81DCAAB1A000D811A /* Movie.m */,
				20ED58C41DCAA8ED000D811A /* MovieSearch.h */,
				20ED58C51DCAA8ED000D811A /* MovieSearch.m */,
			);
			name = Model;
			sourceTree = "<group>";
		};
/* End PBXGroup section */

/* Begin PBXNativeTarget section */
		20ED58A61DCAA778000D811A /* MovieSearch */ = {
			isa = PBXNativeTarget;
			buildConfigurationList = 20ED58C11DCAA778000D811A /* Build configuration list for PBXNativeTarget "MovieSearch" */;
			buildPhases = (
				20ED58A31DCAA778000D811A /* Sources */,
				20ED58A41DCAA778000D811A /* Frameworks */,
				20ED58A51DCAA778000D811A /* Resources */,
			);
			buildRules = (
			);
			dependencies = (
			);
			name = MovieSearch;
			productName = MovieSearch;
			productReference = 20ED58A71DCAA778000D811A /* MovieSearch.app */;
			productType = "com.apple.product-type.application";
		};
/* End PBXNativeTarget section */

/* Begin PBXProject section */
		20ED589F1DCAA778000D811A /* Project object */ = {
			isa = PBXProject;
			attributes = {
				LastUpgradeCheck = 0810;
				ORGANIZATIONNAME = "Ritam Sarmah";
				TargetAttributes = {
					20ED58A61DCAA778000D811A = {
						CreatedOnToolsVersion = 8.1;
						DevelopmentTeam = 582KY6XV9S;
						ProvisioningStyle = Automatic;
					};
				};
			};
			buildConfigurationList = 20ED58A21DCAA778000D811A /* Build configuration list for PBXProject "MovieSearch" */;
			compatibilityVersion = "Xcode 3.2";
			developmentRegion = English;
			hasScannedForEncodings = 0;
			knownRegions = (
				en,
				Base,
			);
			mainGroup = 20ED589E1DCAA778000D811A;
			productRefGroup = 20ED58A81DCAA778000D811A /* Products */;
			projectDirPath = "";
			projectRoot = "";
			targets = (
				20ED58A61DCAA778000D811A /* MovieSearch */,
			);
		};
/* End PBXProject section */

/* Begin PBXResourcesBuildPhase section */
		20ED58A51DCAA778000D811A /* Resources */ = {
			isa = PBXResourcesBuildPhase;
			buildActionMask = 2147483647;
			files = (
				20ED58BD1DCAA778000D811A /* LaunchScreen.storyboard in Resources */,
				20ED58BA1DCAA778000D811A /* Assets.xcassets in Resources */,
				20ED58B81DCAA778000D811A /* Main.storyboard in Resources */,
			);
			runOnlyForDeploymentPostprocessing = 0;
		};
/* End PBXResourcesBuildPhase section */

/* Begin PBXSourcesBuildPhase section */
		20ED58A31DCAA778000D811A /* Sources */ = {
			isa = PBXSourcesBuildPhase;
			buildActionMask = 2147483647;
			files = (
				20ED58C91DCAAB1A000D811A /* Movie.m in Sources */,
				206F80DF1DD3DD01007E4727 /* MovieTableViewCell.m in Sources */,
				20ED58AF1DCAA778000D811A /* AppDelegate.m in Sources */,
				202942BD1E086A7500E0AC3E /* Constants.m in Sources */,
				20ED58B21DCAA778000D811A /* MasterViewController.m in Sources */,
				20ED58AC1DCAA778000D811A /* main.m in Sources */,
				20ED58C61DCAA8ED000D811A /* MovieSearch.m in Sources */,
				20ED58B51DCAA778000D811A /* DetailViewController.m in Sources */,
			);
			runOnlyForDeploymentPostprocessing = 0;
		};
/* End PBXSourcesBuildPhase section */

/* Begin PBXVariantGroup section */
		20ED58B61DCAA778000D811A /* Main.storyboard */ = {
			isa = PBXVariantGroup;
			children = (
				20ED58B71DCAA778000D811A /* Base */,
			);
			name = Main.storyboard;
			sourceTree = "<group>";
		};
		20ED58BB1DCAA778000D811A /* LaunchScreen.storyboard */ = {
			isa = PBXVariantGroup;
			children = (
				20ED58BC1DCAA778000D811A /* Base */,
			);
			name = LaunchScreen.storyboard;
			sourceTree = "<group>";
		};
/* End PBXVariantGroup section */

/* Begin XCBuildConfiguration section */
		20ED58BF1DCAA778000D811A /* Debug */ = {
			isa = XCBuildConfiguration;
			buildSettings = {
				ALWAYS_SEARCH_USER_PATHS = NO;
				CLANG_ANALYZER_NONNULL = YES;
				CLANG_CXX_LANGUAGE_STANDARD = "gnu++0x";
				CLANG_CXX_LIBRARY = "libc++";
				CLANG_ENABLE_MODULES = YES;
				CLANG_ENABLE_OBJC_ARC = YES;
				CLANG_WARN_BOOL_CONVERSION = YES;
				CLANG_WARN_CONSTANT_CONVERSION = YES;
				CLANG_WARN_DIRECT_OBJC_ISA_USAGE = YES_ERROR;
				CLANG_WARN_DOCUMENTATION_COMMENTS = YES;
				CLANG_WARN_EMPTY_BODY = YES;
				CLANG_WARN_ENUM_CONVERSION = YES;
				CLANG_WARN_INFINITE_RECURSION = YES;
				CLANG_WARN_INT_CONVERSION = YES;
				CLANG_WARN_OBJC_ROOT_CLASS = YES_ERROR;
				CLANG_WARN_SUSPICIOUS_MOVES = YES;
				CLANG_WARN_UNREACHABLE_CODE = YES;
				CLANG_WARN__DUPLICATE_METHOD_MATCH = YES;
				"CODE_SIGN_IDENTITY[sdk=iphoneos*]" = "iPhone Developer";
				COPY_PHASE_STRIP = NO;
				DEBUG_INFORMATION_FORMAT = dwarf;
				ENABLE_STRICT_OBJC_MSGSEND = YES;
				ENABLE_TESTABILITY = YES;
				GCC_C_LANGUAGE_STANDARD = gnu99;
				GCC_DYNAMIC_NO_PIC = NO;
				GCC_NO_COMMON_BLOCKS = YES;
				GCC_OPTIMIZATION_LEVEL = 0;
				GCC_PREPROCESSOR_DEFINITIONS = (
					"DEBUG=1",
					"$(inherited)",
				);
				GCC_WARN_64_TO_32_BIT_CONVERSION = YES;
				GCC_WARN_ABOUT_RETURN_TYPE = YES_ERROR;
				GCC_WARN_UNDECLARED_SELECTOR = YES;
				GCC_WARN_UNINITIALIZED_AUTOS = YES_AGGRESSIVE;
				GCC_WARN_UNUSED_FUNCTION = YES;
				GCC_WARN_UNUSED_VARIABLE = YES;
				IPHONEOS_DEPLOYMENT_TARGET = 10.1;
				MTL_ENABLE_DEBUG_INFO = YES;
				ONLY_ACTIVE_ARCH = YES;
				SDKROOT = iphoneos;
				TARGETED_DEVICE_FAMILY = "1,2";
			};
			name = Debug;
		};
		20ED58C01DCAA778000D811A /* Release */ = {
			isa = XCBuildConfiguration;
			buildSettings = {
				ALWAYS_SEARCH_USER_PATHS = NO;
				CLANG_ANALYZER_NONNULL = YES;
				CLANG_CXX_LANGUAGE_STANDARD = "gnu++0x";
				CLANG_CXX_LIBRARY = "libc++";
				CLANG_ENABLE_MODULES = YES;
				CLANG_ENABLE_OBJC_ARC = YES;
				CLANG_WARN_BOOL_CONVERSION = YES;
				CLANG_WARN_CONSTANT_CONVERSION = YES;
				CLANG_WARN_DIRECT_OBJC_ISA_USAGE = YES_ERROR;
				CLANG_WARN_DOCUMENTATION_COMMENTS = YES;
				CLANG_WARN_EMPTY_BODY = YES;
				CLANG_WARN_ENUM_CONVERSION = YES;
				CLANG_WARN_INFINITE_RECURSION = YES;
				CLANG_WARN_INT_CONVERSION = YES;
				CLANG_WARN_OBJC_ROOT_CLASS = YES_ERROR;
				CLANG_WARN_SUSPICIOUS_MOVES = YES;
				CLANG_WARN_UNREACHABLE_CODE = YES;
				CLANG_WARN__DUPLICATE_METHOD_MATCH = YES;
				"CODE_SIGN_IDENTITY[sdk=iphoneos*]" = "iPhone Developer";
				COPY_PHASE_STRIP = NO;
				DEBUG_INFORMATION_FORMAT = "dwarf-with-dsym";
				ENABLE_NS_ASSERTIONS = NO;
				ENABLE_STRICT_OBJC_MSGSEND = YES;
				GCC_C_LANGUAGE_STANDARD = gnu99;
				GCC_NO_COMMON_BLOCKS = YES;
				GCC_WARN_64_TO_32_BIT_CONVERSION = YES;
				GCC_WARN_ABOUT_RETURN_TYPE = YES_ERROR;
				GCC_WARN_UNDECLARED_SELECTOR = YES;
				GCC_WARN_UNINITIALIZED_AUTOS = YES_AGGRESSIVE;
				GCC_WARN_UNUSED_FUNCTION = YES;
				GCC_WARN_UNUSED_VARIABLE = YES;
				IPHONEOS_DEPLOYMENT_TARGET = 10.1;
				MTL_ENABLE_DEBUG_INFO = NO;
				SDKROOT = iphoneos;
				TARGETED_DEVICE_FAMILY = "1,2";
				VALIDATE_PRODUCT = YES;
			};
			name = Release;
		};
		20ED58C21DCAA778000D811A /* Debug */ = {
			isa = XCBuildConfiguration;
			buildSettings = {
				ASSETCATALOG_COMPILER_APPICON_NAME = AppIcon;
				DEVELOPMENT_TEAM = 582KY6XV9S;
				INFOPLIST_FILE = MovieSearch/Info.plist;
				LD_RUNPATH_SEARCH_PATHS = "$(inherited) @executable_path/Frameworks";
				PRODUCT_BUNDLE_IDENTIFIER = ritamsarmah.MovieSearch;
				PRODUCT_NAME = "$(TARGET_NAME)";
			};
			name = Debug;
		};
		20ED58C31DCAA778000D811A /* Release */ = {
			isa = XCBuildConfiguration;
			buildSettings = {
				ASSETCATALOG_COMPILER_APPICON_NAME = AppIcon;
				DEVELOPMENT_TEAM = 582KY6XV9S;
				INFOPLIST_FILE = MovieSearch/Info.plist;
				LD_RUNPATH_SEARCH_PATHS = "$(inherited) @executable_path/Frameworks";
				PRODUCT_BUNDLE_IDENTIFIER = ritamsarmah.MovieSearch;
				PRODUCT_NAME = "$(TARGET_NAME)";
			};
			name = Release;
		};
/* End XCBuildConfiguration section */

/* Begin XCConfigurationList section */
		20ED58A21DCAA778000D811A /* Build configuration list for PBXProject "MovieSearch" */ = {
			isa = XCConfigurationList;
			buildConfigurations = (
				20ED58BF1DCAA778000D811A /* Debug */,
				20ED58C01DCAA778000D811A /* Release */,
			);
			defaultConfigurationIsVisible = 0;
			defaultConfigurationName = Release;
		};
		20ED58C11DCAA778000D811A /* Build configuration list for PBXNativeTarget "MovieSearch" */ = {
			isa = XCConfigurationList;
			buildConfigurations = (
				20ED58C21DCAA778000D811A /* Debug */,
				20ED58C31DCAA778000D811A /* Release */,
			);
			defaultConfigurationIsVisible = 0;
			defaultConfigurationName = Release;
		};
/* End XCConfigurationList section */
	};
	rootObject = 20ED589F1DCAA778000D811A /* Project object */;
}
